github.com/reiver/go-ascii v0.0.0-20240302002050-442843e5ea02 h1:YviUVCHZw6gaxvLznXQTXp7LwaWzly80TXUsWxwPPi4=
github.com/reiver/go-ascii v0.0.0-20240302002050-442843e5ea02/go.mod h1:f43/Y1zpLvqorZN0BelarPzO2GrotAQrBy3T08NUSTM=
github.com/reiver/go-erorr v0.0.0-20240801233437-8cbde6d1fa3f h1:D1QSxKHm8U73XhjsW3SFLkT0zT5pKJi+1KGboMhY1Rk=
github.com/reiver/go-erorr v0.0.0-20240801233437-8cbde6d1fa3f/go.mod h1:F0HbBf+Ak2ZlE8YkDW4Y+KxaUmT0KaaIJK6CXY3cJxE=
github.com/reiver/go-lck v0.0.0-20240805193248-0e30233d682d h1:ZhE9WGB09SR+AIAf+rTl1hWqeHwuBL3VlWl+QjeBcTw=
github.com/reiver/go-lck v0.0.0-20240805193248-0e30233d682d/go.mod h1:PFseSi8S0CBkc+YB6jYWtogPk83LumclnYJZZBQJJhs=
github.com/reiver/go-utf8 v2.0.2-0.20240806185936-5dd7c5557d34+incompatible h1:Ewax9SN/f+OibeHNDBPI2lsf1t17YRBvKDA4X7CU4vA=
github.com/reiver/go-utf8 v2.0.2-0.20240806185936-5dd7c5557d34+incompatible/go.mod h1:tfGntNDUeEZIAsz0mTu0lF7/IlErc+BpQgO6yxYmJig=
